
Microsoft Visual Studio Solution File, Format Version 12.00
# Visual Studio Version 17
VisualStudioVersion = 17.6.33815.320
MinimumVisualStudioVersion = 10.0.40219.1
Project("{FAE04EC0-301F-11D3-BF4B-00C04F79EFBC}") = "NewsForYou.Web", "NewsForYou.Web\NewsForYou.Web.csproj", "{72C52F72-9BEA-4630-95FC-99C4D2E6AD9B}"
EndProject
Project("{FAE04EC0-301F-11D3-BF4B-00C04F79EFBC}") = "NewsForYou.Business", "NewsForYou.Business\NewsForYou.Business.csproj", "{10EAB567-8048-4C47-90A4-CC776EF7EF9C}"
EndProject
Project("{FAE04EC0-301F-11D3-BF4B-00C04F79EFBC}") = "NewsForYou.Models", "NewsForYou.Models\NewsForYou.Models.csproj", "{5828CAEF-FEE6-4526-9672-12B5CBA14B85}"
EndProject
Project("{FAE04EC0-301F-11D3-BF4B-00C04F79EFBC}") = "NewsForYou.Util", "NewsForYou.Util\NewsForYou.Util.csproj", "{1F3E62F5-4F88-4C15-913D-7CF9CFE792B9}"
EndProject
Project("{FAE04EC0-301F-11D3-BF4B-00C04F79EFBC}") = "NewsForYou.DAL", "NewsForYou.DAL\NewsForYou.DAL.csproj", "{8C88E087-5CA5-4040-8637-B796CB946308}"
EndProject
Global
	GlobalSection(SolutionConfigurationPlatforms) = preSolution
		Debug|Any CPU = Debug|Any CPU
		Release|Any CPU = Release|Any CPU
	EndGlobalSection
	GlobalSection(ProjectConfigurationPlatforms) = postSolution
		{72C52F72-9BEA-4630-95FC-99C4D2E6AD9B}.Debug|Any CPU.ActiveCfg = Debug|Any CPU
		{72C52F72-9BEA-4630-95FC-99C4D2E6AD9B}.Debug|Any CPU.Build.0 = Debug|Any CPU
		{72C52F72-9BEA-4630-95FC-99C4D2E6AD9B}.Release|Any CPU.ActiveCfg = Release|Any CPU
		{72C52F72-9BEA-4630-95FC-99C4D2E6AD9B}.Release|Any CPU.Build.0 = Release|Any CPU
		{10EAB567-8048-4C47-90A4-CC776EF7EF9C}.Debug|Any CPU.ActiveCfg = Debug|Any CPU
		{10EAB567-8048-4C47-90A4-CC776EF7EF9C}.Debug|Any CPU.Build.0 = Debug|Any CPU
		{10EAB567-8048-4C47-90A4-CC776EF7EF9C}.Release|Any CPU.ActiveCfg = Release|Any CPU
		{10EAB567-8048-4C47-90A4-CC776EF7EF9C}.Release|Any CPU.Build.0 = Release|Any CPU
		{5828CAEF-FEE6-4526-9672-12B5CBA14B85}.Debug|Any CPU.ActiveCfg = Debug|Any CPU
		{5828CAEF-FEE6-4526-9672-12B5CBA14B85}.Debug|Any CPU.Build.0 = Debug|Any CPU
		{5828CAEF-FEE6-4526-9672-12B5CBA14B85}.Release|Any CPU.ActiveCfg = Release|Any CPU
		{5828CAEF-FEE6-4526-9672-12B5CBA14B85}.Release|Any CPU.Build.0 = Release|Any CPU
		{1F3E62F5-4F88-4C15-913D-7CF9CFE792B9}.Debug|Any CPU.ActiveCfg = Debug|Any CPU
		{1F3E62F5-4F88-4C15-913D-7CF9CFE792B9}.Debug|Any CPU.Build.0 = Debug|Any CPU
		{1F3E62F5-4F88-4C15-913D-7CF9CFE792B9}.Release|Any CPU.ActiveCfg = Release|Any CPU
		{1F3E62F5-4F88-4C15-913D-7CF9CFE792B9}.Release|Any CPU.Build.0 = Release|Any CPU
		{8C88E087-5CA5-4040-8637-B796CB946308}.Debug|Any CPU.ActiveCfg = Debug|Any CPU
		{8C88E087-5CA5-4040-8637-B796CB946308}.Debug|Any CPU.Build.0 = Debug|Any CPU
		{8C88E087-5CA5-4040-8637-B796CB946308}.Release|Any CPU.ActiveCfg = Release|Any CPU
		{8C88E087-5CA5-4040-8637-B796CB946308}.Release|Any CPU.Build.0 = Release|Any CPU
	EndGlobalSection
	GlobalSection(SolutionProperties) = preSolution
		HideSolutionNode = FALSE
	EndGlobalSection
	GlobalSection(ExtensibilityGlobals) = postSolution
		SolutionGuid = {CF6B224A-DD08-4C07-ABB0-F46C3BE279A0}
	EndGlobalSection
EndGlobal
