
Microsoft Visual Studio Solution File, Format Version 12.00
# Visual Studio Version 17
VisualStudioVersion = 17.6.33815.320
MinimumVisualStudioVersion = 10.0.40219.1
Project("{FAE04EC0-301F-11D3-BF4B-00C04F79EFBC}") = "RegistrationFormUser", "RegistrationFormUser\RegistrationFormUser.csproj", "{06D7E6FE-0656-45BA-9A67-D4669B3BD42C}"
EndProject
Global
	GlobalSection(SolutionConfigurationPlatforms) = preSolution
		Debug|Any CPU = Debug|Any CPU
		Release|Any CPU = Release|Any CPU
	EndGlobalSection
	GlobalSection(ProjectConfigurationPlatforms) = postSolution
		{06D7E6FE-0656-45BA-9A67-D4669B3BD42C}.Debug|Any CPU.ActiveCfg = Debug|Any CPU
		{06D7E6FE-0656-45BA-9A67-D4669B3BD42C}.Debug|Any CPU.Build.0 = Debug|Any CPU
		{06D7E6FE-0656-45BA-9A67-D4669B3BD42C}.Release|Any CPU.ActiveCfg = Release|Any CPU
		{06D7E6FE-0656-45BA-9A67-D4669B3BD42C}.Release|Any CPU.Build.0 = Release|Any CPU
	EndGlobalSection
	GlobalSection(SolutionProperties) = preSolution
		HideSolutionNode = FALSE
	EndGlobalSection
	GlobalSection(ExtensibilityGlobals) = postSolution
		SolutionGuid = {0AA5AAD9-D165-4E28-9B44-E8FBF8372165}
	EndGlobalSection
EndGlobal
