
Microsoft Visual Studio Solution File, Format Version 12.00
# Visual Studio Version 17
VisualStudioVersion = 17.6.33815.320
MinimumVisualStudioVersion = 10.0.40219.1
Project("{FAE04EC0-301F-11D3-BF4B-00C04F79EFBC}") = "LoginUserRegistration", "LoginUserRegistration\LoginUserRegistration.csproj", "{5B93AB6A-74FA-44D1-AC9A-0CACECCF66A2}"
EndProject
Project("{FAE04EC0-301F-11D3-BF4B-00C04F79EFBC}") = "LoginUserRegistration.DAL", "LoginUserRegistration.DAL\LoginUserRegistration.DAL.csproj", "{717DD884-D3F6-45A7-BD27-183F8E6C1B03}"
EndProject
Project("{FAE04EC0-301F-11D3-BF4B-00C04F79EFBC}") = "LoginUserRegistration.Model", "LoginUserRegistration.Model\LoginUserRegistration.Model.csproj", "{FED9D2BB-C415-4B91-963B-B466CBC2BC91}"
EndProject
Global
	GlobalSection(SolutionConfigurationPlatforms) = preSolution
		Debug|Any CPU = Debug|Any CPU
		Release|Any CPU = Release|Any CPU
	EndGlobalSection
	GlobalSection(ProjectConfigurationPlatforms) = postSolution
		{5B93AB6A-74FA-44D1-AC9A-0CACECCF66A2}.Debug|Any CPU.ActiveCfg = Debug|Any CPU
		{5B93AB6A-74FA-44D1-AC9A-0CACECCF66A2}.Debug|Any CPU.Build.0 = Debug|Any CPU
		{5B93AB6A-74FA-44D1-AC9A-0CACECCF66A2}.Release|Any CPU.ActiveCfg = Release|Any CPU
		{5B93AB6A-74FA-44D1-AC9A-0CACECCF66A2}.Release|Any CPU.Build.0 = Release|Any CPU
		{717DD884-D3F6-45A7-BD27-183F8E6C1B03}.Debug|Any CPU.ActiveCfg = Debug|Any CPU
		{717DD884-D3F6-45A7-BD27-183F8E6C1B03}.Debug|Any CPU.Build.0 = Debug|Any CPU
		{717DD884-D3F6-45A7-BD27-183F8E6C1B03}.Release|Any CPU.ActiveCfg = Release|Any CPU
		{717DD884-D3F6-45A7-BD27-183F8E6C1B03}.Release|Any CPU.Build.0 = Release|Any CPU
		{FED9D2BB-C415-4B91-963B-B466CBC2BC91}.Debug|Any CPU.ActiveCfg = Debug|Any CPU
		{FED9D2BB-C415-4B91-963B-B466CBC2BC91}.Debug|Any CPU.Build.0 = Debug|Any CPU
		{FED9D2BB-C415-4B91-963B-B466CBC2BC91}.Release|Any CPU.ActiveCfg = Release|Any CPU
		{FED9D2BB-C415-4B91-963B-B466CBC2BC91}.Release|Any CPU.Build.0 = Release|Any CPU
	EndGlobalSection
	GlobalSection(SolutionProperties) = preSolution
		HideSolutionNode = FALSE
	EndGlobalSection
	GlobalSection(ExtensibilityGlobals) = postSolution
		SolutionGuid = {3A7BC5B1-69B6-4EA5-A03D-3051EBA4B72F}
	EndGlobalSection
EndGlobal
