
Microsoft Visual Studio Solution File, Format Version 12.00
# Visual Studio Version 17
VisualStudioVersion = 17.6.33815.320
MinimumVisualStudioVersion = 10.0.40219.1
Project("{FAE04EC0-301F-11D3-BF4B-00C04F79EFBC}") = "firstProject", "firstProject\firstProject.csproj", "{9DEB596B-9682-4E2F-9620-5D4040F0028E}"
EndProject
Global
	GlobalSection(SolutionConfigurationPlatforms) = preSolution
		Debug|Any CPU = Debug|Any CPU
		Release|Any CPU = Release|Any CPU
	EndGlobalSection
	GlobalSection(ProjectConfigurationPlatforms) = postSolution
		{9DEB596B-9682-4E2F-9620-5D4040F0028E}.Debug|Any CPU.ActiveCfg = Debug|Any CPU
		{9DEB596B-9682-4E2F-9620-5D4040F0028E}.Debug|Any CPU.Build.0 = Debug|Any CPU
		{9DEB596B-9682-4E2F-9620-5D4040F0028E}.Release|Any CPU.ActiveCfg = Release|Any CPU
		{9DEB596B-9682-4E2F-9620-5D4040F0028E}.Release|Any CPU.Build.0 = Release|Any CPU
	EndGlobalSection
	GlobalSection(SolutionProperties) = preSolution
		HideSolutionNode = FALSE
	EndGlobalSection
	GlobalSection(ExtensibilityGlobals) = postSolution
		SolutionGuid = {17F60A21-45E1-4514-99F3-EA14A3E3F4EA}
	EndGlobalSection
EndGlobal
